
Microsoft Visual Studio Solution File, Format Version 12.00
# Visual Studio 15
VisualStudioVersion = 15.0.28307.168
MinimumVisualStudioVersion = 10.0.40219.1
Project("{FAE04EC0-301F-11D3-BF4B-00C04F79EFBC}") = "Desgo_Xamarin.Android", "Desgo_Xamarin\Desgo_Xamarin.Android\Desgo_Xamarin.Android.csproj", "{6589376A-6C48-47A3-8551-F5FFCAA06930}"
EndProject
Project("{FAE04EC0-301F-11D3-BF4B-00C04F79EFBC}") = "Desgo_Xamarin.iOS", "Desgo_Xamarin\Desgo_Xamarin.iOS\Desgo_Xamarin.iOS.csproj", "{43B68F26-6FC5-4867-9093-DACC9FA2F3E8}"
EndProject
Project("{FAE04EC0-301F-11D3-BF4B-00C04F79EFBC}") = "Desgo_Xamarin.UWP", "Desgo_Xamarin\Desgo_Xamarin.UWP\Desgo_Xamarin.UWP.csproj", "{2497009F-724B-465D-A003-CD1D2C855C18}"
EndProject
Project("{D954291E-2A0B-460D-934E-DC6B0785DB48}") = "Desgo_Xamarin", "Desgo_Xamarin\Desgo_Xamarin\Desgo_Xamarin.shproj", "{F2BFAF60-76F9-4243-A04D-AB2D60DE7CEA}"
EndProject
Global
	GlobalSection(SharedMSBuildProjectFiles) = preSolution
		Desgo_Xamarin\Desgo_Xamarin\Desgo_Xamarin.projitems*{2497009f-724b-465d-a003-cd1d2c855c18}*SharedItemsImports = 4
		Desgo_Xamarin\Desgo_Xamarin\Desgo_Xamarin.projitems*{43b68f26-6fc5-4867-9093-dacc9fa2f3e8}*SharedItemsImports = 4
		Desgo_Xamarin\Desgo_Xamarin\Desgo_Xamarin.projitems*{6589376a-6c48-47a3-8551-f5ffcaa06930}*SharedItemsImports = 4
		Desgo_Xamarin\Desgo_Xamarin\Desgo_Xamarin.projitems*{f2bfaf60-76f9-4243-a04d-ab2d60de7cea}*SharedItemsImports = 13
	EndGlobalSection
	GlobalSection(SolutionConfigurationPlatforms) = preSolution
		Ad-Hoc|Any CPU = Ad-Hoc|Any CPU
		Ad-Hoc|ARM = Ad-Hoc|ARM
		Ad-Hoc|iPhone = Ad-Hoc|iPhone
		Ad-Hoc|iPhoneSimulator = Ad-Hoc|iPhoneSimulator
		Ad-Hoc|x64 = Ad-Hoc|x64
		Ad-Hoc|x86 = Ad-Hoc|x86
		AppStore|Any CPU = AppStore|Any CPU
		AppStore|ARM = AppStore|ARM
		AppStore|iPhone = AppStore|iPhone
		AppStore|iPhoneSimulator = AppStore|iPhoneSimulator
		AppStore|x64 = AppStore|x64
		AppStore|x86 = AppStore|x86
		Debug|Any CPU = Debug|Any CPU
		Debug|ARM = Debug|ARM
		Debug|iPhone = Debug|iPhone
		Debug|iPhoneSimulator = Debug|iPhoneSimulator
		Debug|x64 = Debug|x64
		Debug|x86 = Debug|x86
		Release|Any CPU = Release|Any CPU
		Release|ARM = Release|ARM
		Release|iPhone = Release|iPhone
		Release|iPhoneSimulator = Release|iPhoneSimulator
		Release|x64 = Release|x64
		Release|x86 = Release|x86
	EndGlobalSection
	GlobalSection(ProjectConfigurationPlatforms) = postSolution
		{6589376A-6C48-47A3-8551-F5FFCAA06930}.Ad-Hoc|Any CPU.ActiveCfg = Release|Any CPU
		{6589376A-6C48-47A3-8551-F5FFCAA06930}.Ad-Hoc|Any CPU.Build.0 = Release|Any CPU
		{6589376A-6C48-47A3-8551-F5FFCAA06930}.Ad-Hoc|Any CPU.Deploy.0 = Release|Any CPU
		{6589376A-6C48-47A3-8551-F5FFCAA06930}.Ad-Hoc|ARM.ActiveCfg = Release|Any CPU
		{6589376A-6C48-47A3-8551-F5FFCAA06930}.Ad-Hoc|ARM.Build.0 = Release|Any CPU
		{6589376A-6C48-47A3-8551-F5FFCAA06930}.Ad-Hoc|ARM.Deploy.0 = Release|Any CPU
		{6589376A-6C48-47A3-8551-F5FFCAA06930}.Ad-Hoc|iPhone.ActiveCfg = Release|Any CPU
		{6589376A-6C48-47A3-8551-F5FFCAA06930}.Ad-Hoc|iPhone.Build.0 = Release|Any CPU
		{6589376A-6C48-47A3-8551-F5FFCAA06930}.Ad-Hoc|iPhone.Deploy.0 = Release|Any CPU
		{6589376A-6C48-47A3-8551-F5FFCAA06930}.Ad-Hoc|iPhoneSimulator.ActiveCfg = Release|Any CPU
		{6589376A-6C48-47A3-8551-F5FFCAA06930}.Ad-Hoc|iPhoneSimulator.Build.0 = Release|Any CPU
		{6589376A-6C48-47A3-8551-F5FFCAA06930}.Ad-Hoc|iPhoneSimulator.Deploy.0 = Release|Any CPU
		{6589376A-6C48-47A3-8551-F5FFCAA06930}.Ad-Hoc|x64.ActiveCfg = Release|Any CPU
		{6589376A-6C48-47A3-8551-F5FFCAA06930}.Ad-Hoc|x64.Build.0 = Release|Any CPU
		{6589376A-6C48-47A3-8551-F5FFCAA06930}.Ad-Hoc|x64.Deploy.0 = Release|Any CPU
		{6589376A-6C48-47A3-8551-F5FFCAA06930}.Ad-Hoc|x86.ActiveCfg = Release|Any CPU
		{6589376A-6C48-47A3-8551-F5FFCAA06930}.Ad-Hoc|x86.Build.0 = Release|Any CPU
		{6589376A-6C48-47A3-8551-F5FFCAA06930}.Ad-Hoc|x86.Deploy.0 = Release|Any CPU
		{6589376A-6C48-47A3-8551-F5FFCAA06930}.AppStore|Any CPU.ActiveCfg = Release|Any CPU
		{6589376A-6C48-47A3-8551-F5FFCAA06930}.AppStore|Any CPU.Build.0 = Release|Any CPU
		{6589376A-6C48-47A3-8551-F5FFCAA06930}.AppStore|Any CPU.Deploy.0 = Release|Any CPU
		{6589376A-6C48-47A3-8551-F5FFCAA06930}.AppStore|ARM.ActiveCfg = Release|Any CPU
		{6589376A-6C48-47A3-8551-F5FFCAA06930}.AppStore|ARM.Build.0 = Release|Any CPU
		{6589376A-6C48-47A3-8551-F5FFCAA06930}.AppStore|ARM.Deploy.0 = Release|Any CPU
		{6589376A-6C48-47A3-8551-F5FFCAA06930}.AppStore|iPhone.ActiveCfg = Release|Any CPU
		{6589376A-6C48-47A3-8551-F5FFCAA06930}.AppStore|iPhone.Build.0 = Release|Any CPU
		{6589376A-6C48-47A3-8551-F5FFCAA06930}.AppStore|iPhone.Deploy.0 = Release|Any CPU
		{6589376A-6C48-47A3-8551-F5FFCAA06930}.AppStore|iPhoneSimulator.ActiveCfg = Release|Any CPU
		{6589376A-6C48-47A3-8551-F5FFCAA06930}.AppStore|iPhoneSimulator.Build.0 = Release|Any CPU
		{6589376A-6C48-47A3-8551-F5FFCAA06930}.AppStore|iPhoneSimulator.Deploy.0 = Release|Any CPU
		{6589376A-6C48-47A3-8551-F5FFCAA06930}.AppStore|x64.ActiveCfg = Release|Any CPU
		{6589376A-6C48-47A3-8551-F5FFCAA06930}.AppStore|x64.Build.0 = Release|Any CPU
		{6589376A-6C48-47A3-8551-F5FFCAA06930}.AppStore|x64.Deploy.0 = Release|Any CPU
		{6589376A-6C48-47A3-8551-F5FFCAA06930}.AppStore|x86.ActiveCfg = Release|Any CPU
		{6589376A-6C48-47A3-8551-F5FFCAA06930}.AppStore|x86.Build.0 = Release|Any CPU
		{6589376A-6C48-47A3-8551-F5FFCAA06930}.AppStore|x86.Deploy.0 = Release|Any CPU
		{6589376A-6C48-47A3-8551-F5FFCAA06930}.Debug|Any CPU.ActiveCfg = Debug|Any CPU
		{6589376A-6C48-47A3-8551-F5FFCAA06930}.Debug|Any CPU.Build.0 = Debug|Any CPU
		{6589376A-6C48-47A3-8551-F5FFCAA06930}.Debug|Any CPU.Deploy.0 = Debug|Any CPU
		{6589376A-6C48-47A3-8551-F5FFCAA06930}.Debug|ARM.ActiveCfg = Debug|Any CPU
		{6589376A-6C48-47A3-8551-F5FFCAA06930}.Debug|ARM.Build.0 = Debug|Any CPU
		{6589376A-6C48-47A3-8551-F5FFCAA06930}.Debug|ARM.Deploy.0 = Debug|Any CPU
		{6589376A-6C48-47A3-8551-F5FFCAA06930}.Debug|iPhone.ActiveCfg = Debug|Any CPU
		{6589376A-6C48-47A3-8551-F5FFCAA06930}.Debug|iPhone.Build.0 = Debug|Any CPU
		{6589376A-6C48-47A3-8551-F5FFCAA06930}.Debug|iPhone.Deploy.0 = Debug|Any CPU
		{6589376A-6C48-47A3-8551-F5FFCAA06930}.Debug|iPhoneSimulator.ActiveCfg = Debug|Any CPU
		{6589376A-6C48-47A3-8551-F5FFCAA06930}.Debug|iPhoneSimulator.Build.0 = Debug|Any CPU
		{6589376A-6C48-47A3-8551-F5FFCAA06930}.Debug|iPhoneSimulator.Deploy.0 = Debug|Any CPU
		{6589376A-6C48-47A3-8551-F5FFCAA06930}.Debug|x64.ActiveCfg = Debug|Any CPU
		{6589376A-6C48-47A3-8551-F5FFCAA06930}.Debug|x64.Build.0 = Debug|Any CPU
		{6589376A-6C48-47A3-8551-F5FFCAA06930}.Debug|x64.Deploy.0 = Debug|Any CPU
		{6589376A-6C48-47A3-8551-F5FFCAA06930}.Debug|x86.ActiveCfg = Debug|Any CPU
		{6589376A-6C48-47A3-8551-F5FFCAA06930}.Debug|x86.Build.0 = Debug|Any CPU
		{6589376A-6C48-47A3-8551-F5FFCAA06930}.Debug|x86.Deploy.0 = Debug|Any CPU
		{6589376A-6C48-47A3-8551-F5FFCAA06930}.Release|Any CPU.ActiveCfg = Release|Any CPU
		{6589376A-6C48-47A3-8551-F5FFCAA06930}.Release|Any CPU.Build.0 = Release|Any CPU
		{6589376A-6C48-47A3-8551-F5FFCAA06930}.Release|Any CPU.Deploy.0 = Release|Any CPU
		{6589376A-6C48-47A3-8551-F5FFCAA06930}.Release|ARM.ActiveCfg = Release|Any CPU
		{6589376A-6C48-47A3-8551-F5FFCAA06930}.Release|ARM.Build.0 = Release|Any CPU
		{6589376A-6C48-47A3-8551-F5FFCAA06930}.Release|ARM.Deploy.0 = Release|Any CPU
		{6589376A-6C48-47A3-8551-F5FFCAA06930}.Release|iPhone.ActiveCfg = Release|Any CPU
		{6589376A-6C48-47A3-8551-F5FFCAA06930}.Release|iPhone.Build.0 = Release|Any CPU
		{6589376A-6C48-47A3-8551-F5FFCAA06930}.Release|iPhone.Deploy.0 = Release|Any CPU
		{6589376A-6C48-47A3-8551-F5FFCAA06930}.Release|iPhoneSimulator.ActiveCfg = Release|Any CPU
		{6589376A-6C48-47A3-8551-F5FFCAA06930}.Release|iPhoneSimulator.Build.0 = Release|Any CPU
		{6589376A-6C48-47A3-8551-F5FFCAA06930}.Release|iPhoneSimulator.Deploy.0 = Release|Any CPU
		{6589376A-6C48-47A3-8551-F5FFCAA06930}.Release|x64.ActiveCfg = Release|Any CPU
		{6589376A-6C48-47A3-8551-F5FFCAA06930}.Release|x64.Build.0 = Release|Any CPU
		{6589376A-6C48-47A3-8551-F5FFCAA06930}.Release|x64.Deploy.0 = Release|Any CPU
		{6589376A-6C48-47A3-8551-F5FFCAA06930}.Release|x86.ActiveCfg = Release|Any CPU
		{6589376A-6C48-47A3-8551-F5FFCAA06930}.Release|x86.Build.0 = Release|Any CPU
		{6589376A-6C48-47A3-8551-F5FFCAA06930}.Release|x86.Deploy.0 = Release|Any CPU
		{43B68F26-6FC5-4867-9093-DACC9FA2F3E8}.Ad-Hoc|Any CPU.ActiveCfg = Ad-Hoc|iPhone
		{43B68F26-6FC5-4867-9093-DACC9FA2F3E8}.Ad-Hoc|Any CPU.Build.0 = Ad-Hoc|iPhone
		{43B68F26-6FC5-4867-9093-DACC9FA2F3E8}.Ad-Hoc|Any CPU.Deploy.0 = Ad-Hoc|iPhone
		{43B68F26-6FC5-4867-9093-DACC9FA2F3E8}.Ad-Hoc|ARM.ActiveCfg = Ad-Hoc|iPhone
		{43B68F26-6FC5-4867-9093-DACC9FA2F3E8}.Ad-Hoc|ARM.Build.0 = Ad-Hoc|iPhone
		{43B68F26-6FC5-4867-9093-DACC9FA2F3E8}.Ad-Hoc|ARM.Deploy.0 = Ad-Hoc|iPhone
		{43B68F26-6FC5-4867-9093-DACC9FA2F3E8}.Ad-Hoc|iPhone.ActiveCfg = Ad-Hoc|iPhone
		{43B68F26-6FC5-4867-9093-DACC9FA2F3E8}.Ad-Hoc|iPhone.Build.0 = Ad-Hoc|iPhone
		{43B68F26-6FC5-4867-9093-DACC9FA2F3E8}.Ad-Hoc|iPhone.Deploy.0 = Ad-Hoc|iPhone
		{43B68F26-6FC5-4867-9093-DACC9FA2F3E8}.Ad-Hoc|iPhoneSimulator.ActiveCfg = Ad-Hoc|iPhoneSimulator
		{43B68F26-6FC5-4867-9093-DACC9FA2F3E8}.Ad-Hoc|iPhoneSimulator.Build.0 = Ad-Hoc|iPhoneSimulator
		{43B68F26-6FC5-4867-9093-DACC9FA2F3E8}.Ad-Hoc|iPhoneSimulator.Deploy.0 = Ad-Hoc|iPhoneSimulator
		{43B68F26-6FC5-4867-9093-DACC9FA2F3E8}.Ad-Hoc|x64.ActiveCfg = Ad-Hoc|iPhone
		{43B68F26-6FC5-4867-9093-DACC9FA2F3E8}.Ad-Hoc|x64.Build.0 = Ad-Hoc|iPhone
		{43B68F26-6FC5-4867-9093-DACC9FA2F3E8}.Ad-Hoc|x64.Deploy.0 = Ad-Hoc|iPhone
		{43B68F26-6FC5-4867-9093-DACC9FA2F3E8}.Ad-Hoc|x86.ActiveCfg = Ad-Hoc|iPhone
		{43B68F26-6FC5-4867-9093-DACC9FA2F3E8}.Ad-Hoc|x86.Build.0 = Ad-Hoc|iPhone
		{43B68F26-6FC5-4867-9093-DACC9FA2F3E8}.Ad-Hoc|x86.Deploy.0 = Ad-Hoc|iPhone
		{43B68F26-6FC5-4867-9093-DACC9FA2F3E8}.AppStore|Any CPU.ActiveCfg = AppStore|iPhone
		{43B68F26-6FC5-4867-9093-DACC9FA2F3E8}.AppStore|Any CPU.Build.0 = AppStore|iPhone
		{43B68F26-6FC5-4867-9093-DACC9FA2F3E8}.AppStore|Any CPU.Deploy.0 = AppStore|iPhone
		{43B68F26-6FC5-4867-9093-DACC9FA2F3E8}.AppStore|ARM.ActiveCfg = AppStore|iPhone
		{43B68F26-6FC5-4867-9093-DACC9FA2F3E8}.AppStore|ARM.Build.0 = AppStore|iPhone
		{43B68F26-6FC5-4867-9093-DACC9FA2F3E8}.AppStore|ARM.Deploy.0 = AppStore|iPhone
		{43B68F26-6FC5-4867-9093-DACC9FA2F3E8}.AppStore|iPhone.ActiveCfg = AppStore|iPhone
		{43B68F26-6FC5-4867-9093-DACC9FA2F3E8}.AppStore|iPhone.Build.0 = AppStore|iPhone
		{43B68F26-6FC5-4867-9093-DACC9FA2F3E8}.AppStore|iPhone.Deploy.0 = AppStore|iPhone
		{43B68F26-6FC5-4867-9093-DACC9FA2F3E8}.AppStore|iPhoneSimulator.ActiveCfg = AppStore|iPhoneSimulator
		{43B68F26-6FC5-4867-9093-DACC9FA2F3E8}.AppStore|iPhoneSimulator.Build.0 = AppStore|iPhoneSimulator
		{43B68F26-6FC5-4867-9093-DACC9FA2F3E8}.AppStore|iPhoneSimulator.Deploy.0 = AppStore|iPhoneSimulator
		{43B68F26-6FC5-4867-9093-DACC9FA2F3E8}.AppStore|x64.ActiveCfg = AppStore|iPhone
		{43B68F26-6FC5-4867-9093-DACC9FA2F3E8}.AppStore|x64.Build.0 = AppStore|iPhone
		{43B68F26-6FC5-4867-9093-DACC9FA2F3E8}.AppStore|x64.Deploy.0 = AppStore|iPhone
		{43B68F26-6FC5-4867-9093-DACC9FA2F3E8}.AppStore|x86.ActiveCfg = AppStore|iPhone
		{43B68F26-6FC5-4867-9093-DACC9FA2F3E8}.AppStore|x86.Build.0 = AppStore|iPhone
		{43B68F26-6FC5-4867-9093-DACC9FA2F3E8}.AppStore|x86.Deploy.0 = AppStore|iPhone
		{43B68F26-6FC5-4867-9093-DACC9FA2F3E8}.Debug|Any CPU.ActiveCfg = Debug|iPhoneSimulator
		{43B68F26-6FC5-4867-9093-DACC9FA2F3E8}.Debug|Any CPU.Build.0 = Debug|iPhoneSimulator
		{43B68F26-6FC5-4867-9093-DACC9FA2F3E8}.Debug|Any CPU.Deploy.0 = Debug|iPhoneSimulator
		{43B68F26-6FC5-4867-9093-DACC9FA2F3E8}.Debug|ARM.ActiveCfg = Debug|iPhone
		{43B68F26-6FC5-4867-9093-DACC9FA2F3E8}.Debug|ARM.Build.0 = Debug|iPhone
		{43B68F26-6FC5-4867-9093-DACC9FA2F3E8}.Debug|ARM.Deploy.0 = Debug|iPhone
		{43B68F26-6FC5-4867-9093-DACC9FA2F3E8}.Debug|iPhone.ActiveCfg = Debug|iPhone
		{43B68F26-6FC5-4867-9093-DACC9FA2F3E8}.Debug|iPhone.Build.0 = Debug|iPhone
		{43B68F26-6FC5-4867-9093-DACC9FA2F3E8}.Debug|iPhone.Deploy.0 = Debug|iPhone
		{43B68F26-6FC5-4867-9093-DACC9FA2F3E8}.Debug|iPhoneSimulator.ActiveCfg = Debug|iPhoneSimulator
		{43B68F26-6FC5-4867-9093-DACC9FA2F3E8}.Debug|iPhoneSimulator.Build.0 = Debug|iPhoneSimulator
		{43B68F26-6FC5-4867-9093-DACC9FA2F3E8}.Debug|iPhoneSimulator.Deploy.0 = Debug|iPhoneSimulator
		{43B68F26-6FC5-4867-9093-DACC9FA2F3E8}.Debug|x64.ActiveCfg = Debug|iPhone
		{43B68F26-6FC5-4867-9093-DACC9FA2F3E8}.Debug|x64.Build.0 = Debug|iPhone
		{43B68F26-6FC5-4867-9093-DACC9FA2F3E8}.Debug|x64.Deploy.0 = Debug|iPhone
		{43B68F26-6FC5-4867-9093-DACC9FA2F3E8}.Debug|x86.ActiveCfg = Debug|iPhone
		{43B68F26-6FC5-4867-9093-DACC9FA2F3E8}.Debug|x86.Build.0 = Debug|iPhone
		{43B68F26-6FC5-4867-9093-DACC9FA2F3E8}.Debug|x86.Deploy.0 = Debug|iPhone
		{43B68F26-6FC5-4867-9093-DACC9FA2F3E8}.Release|Any CPU.ActiveCfg = Release|iPhone
		{43B68F26-6FC5-4867-9093-DACC9FA2F3E8}.Release|Any CPU.Build.0 = Release|iPhone
		{43B68F26-6FC5-4867-9093-DACC9FA2F3E8}.Release|Any CPU.Deploy.0 = Release|iPhone
		{43B68F26-6FC5-4867-9093-DACC9FA2F3E8}.Release|ARM.ActiveCfg = Release|iPhone
		{43B68F26-6FC5-4867-9093-DACC9FA2F3E8}.Release|ARM.Build.0 = Release|iPhone
		{43B68F26-6FC5-4867-9093-DACC9FA2F3E8}.Release|ARM.Deploy.0 = Release|iPhone
		{43B68F26-6FC5-4867-9093-DACC9FA2F3E8}.Release|iPhone.ActiveCfg = Release|iPhone
		{43B68F26-6FC5-4867-9093-DACC9FA2F3E8}.Release|iPhone.Build.0 = Release|iPhone
		{43B68F26-6FC5-4867-9093-DACC9FA2F3E8}.Release|iPhone.Deploy.0 = Release|iPhone
		{43B68F26-6FC5-4867-9093-DACC9FA2F3E8}.Release|iPhoneSimulator.ActiveCfg = Release|iPhoneSimulator
		{43B68F26-6FC5-4867-9093-DACC9FA2F3E8}.Release|iPhoneSimulator.Build.0 = Release|iPhoneSimulator
		{43B68F26-6FC5-4867-9093-DACC9FA2F3E8}.Release|iPhoneSimulator.Deploy.0 = Release|iPhoneSimulator
		{43B68F26-6FC5-4867-9093-DACC9FA2F3E8}.Release|x64.ActiveCfg = Release|iPhone
		{43B68F26-6FC5-4867-9093-DACC9FA2F3E8}.Release|x64.Build.0 = Release|iPhone
		{43B68F26-6FC5-4867-9093-DACC9FA2F3E8}.Release|x64.Deploy.0 = Release|iPhone
		{43B68F26-6FC5-4867-9093-DACC9FA2F3E8}.Release|x86.ActiveCfg = Release|iPhone
		{43B68F26-6FC5-4867-9093-DACC9FA2F3E8}.Release|x86.Build.0 = Release|iPhone
		{43B68F26-6FC5-4867-9093-DACC9FA2F3E8}.Release|x86.Deploy.0 = Release|iPhone
		{2497009F-724B-465D-A003-CD1D2C855C18}.Ad-Hoc|Any CPU.ActiveCfg = Release|x86
		{2497009F-724B-465D-A003-CD1D2C855C18}.Ad-Hoc|Any CPU.Build.0 = Release|x86
		{2497009F-724B-465D-A003-CD1D2C855C18}.Ad-Hoc|Any CPU.Deploy.0 = Release|x86
		{2497009F-724B-465D-A003-CD1D2C855C18}.Ad-Hoc|ARM.ActiveCfg = Release|ARM
		{2497009F-724B-465D-A003-CD1D2C855C18}.Ad-Hoc|ARM.Build.0 = Release|ARM
		{2497009F-724B-465D-A003-CD1D2C855C18}.Ad-Hoc|ARM.Deploy.0 = Release|ARM
		{2497009F-724B-465D-A003-CD1D2C855C18}.Ad-Hoc|iPhone.ActiveCfg = Release|x86
		{2497009F-724B-465D-A003-CD1D2C855C18}.Ad-Hoc|iPhone.Build.0 = Release|x86
		{2497009F-724B-465D-A003-CD1D2C855C18}.Ad-Hoc|iPhone.Deploy.0 = Release|x86
		{2497009F-724B-465D-A003-CD1D2C855C18}.Ad-Hoc|iPhoneSimulator.ActiveCfg = Release|x86
		{2497009F-724B-465D-A003-CD1D2C855C18}.Ad-Hoc|iPhoneSimulator.Build.0 = Release|x86
		{2497009F-724B-465D-A003-CD1D2C855C18}.Ad-Hoc|iPhoneSimulator.Deploy.0 = Release|x86
		{2497009F-724B-465D-A003-CD1D2C855C18}.Ad-Hoc|x64.ActiveCfg = Release|x64
		{2497009F-724B-465D-A003-CD1D2C855C18}.Ad-Hoc|x64.Build.0 = Release|x64
		{2497009F-724B-465D-A003-CD1D2C855C18}.Ad-Hoc|x64.Deploy.0 = Release|x64
		{2497009F-724B-465D-A003-CD1D2C855C18}.Ad-Hoc|x86.ActiveCfg = Release|x86
		{2497009F-724B-465D-A003-CD1D2C855C18}.Ad-Hoc|x86.Build.0 = Release|x86
		{2497009F-724B-465D-A003-CD1D2C855C18}.Ad-Hoc|x86.Deploy.0 = Release|x86
		{2497009F-724B-465D-A003-CD1D2C855C18}.AppStore|Any CPU.ActiveCfg = Release|x86
		{2497009F-724B-465D-A003-CD1D2C855C18}.AppStore|Any CPU.Build.0 = Release|x86
		{2497009F-724B-465D-A003-CD1D2C855C18}.AppStore|Any CPU.Deploy.0 = Release|x86
		{2497009F-724B-465D-A003-CD1D2C855C18}.AppStore|ARM.ActiveCfg = Release|ARM
		{2497009F-724B-465D-A003-CD1D2C855C18}.AppStore|ARM.Build.0 = Release|ARM
		{2497009F-724B-465D-A003-CD1D2C855C18}.AppStore|ARM.Deploy.0 = Release|ARM
		{2497009F-724B-465D-A003-CD1D2C855C18}.AppStore|iPhone.ActiveCfg = Release|x86
		{2497009F-724B-465D-A003-CD1D2C855C18}.AppStore|iPhone.Build.0 = Release|x86
		{2497009F-724B-465D-A003-CD1D2C855C18}.AppStore|iPhone.Deploy.0 = Release|x86
		{2497009F-724B-465D-A003-CD1D2C855C18}.AppStore|iPhoneSimulator.ActiveCfg = Release|x86
		{2497009F-724B-465D-A003-CD1D2C855C18}.AppStore|iPhoneSimulator.Build.0 = Release|x86
		{2497009F-724B-465D-A003-CD1D2C855C18}.AppStore|iPhoneSimulator.Deploy.0 = Release|x86
		{2497009F-724B-465D-A003-CD1D2C855C18}.AppStore|x64.ActiveCfg = Release|x64
		{2497009F-724B-465D-A003-CD1D2C855C18}.AppStore|x64.Build.0 = Release|x64
		{2497009F-724B-465D-A003-CD1D2C855C18}.AppStore|x64.Deploy.0 = Release|x64
		{2497009F-724B-465D-A003-CD1D2C855C18}.AppStore|x86.ActiveCfg = Release|x86
		{2497009F-724B-465D-A003-CD1D2C855C18}.AppStore|x86.Build.0 = Release|x86
		{2497009F-724B-465D-A003-CD1D2C855C18}.AppStore|x86.Deploy.0 = Release|x86
		{2497009F-724B-465D-A003-CD1D2C855C18}.Debug|Any CPU.ActiveCfg = Debug|x86
		{2497009F-724B-465D-A003-CD1D2C855C18}.Debug|Any CPU.Build.0 = Debug|x86
		{2497009F-724B-465D-A003-CD1D2C855C18}.Debug|Any CPU.Deploy.0 = Debug|x86
		{2497009F-724B-465D-A003-CD1D2C855C18}.Debug|ARM.ActiveCfg = Debug|ARM
		{2497009F-724B-465D-A003-CD1D2C855C18}.Debug|ARM.Build.0 = Debug|ARM
		{2497009F-724B-465D-A003-CD1D2C855C18}.Debug|ARM.Deploy.0 = Debug|ARM
		{2497009F-724B-465D-A003-CD1D2C855C18}.Debug|iPhone.ActiveCfg = Debug|x86
		{2497009F-724B-465D-A003-CD1D2C855C18}.Debug|iPhone.Build.0 = Debug|x86
		{2497009F-724B-465D-A003-CD1D2C855C18}.Debug|iPhone.Deploy.0 = Debug|x86
		{2497009F-724B-465D-A003-CD1D2C855C18}.Debug|iPhoneSimulator.ActiveCfg = Debug|x86
		{2497009F-724B-465D-A003-CD1D2C855C18}.Debug|iPhoneSimulator.Build.0 = Debug|x86
		{2497009F-724B-465D-A003-CD1D2C855C18}.Debug|iPhoneSimulator.Deploy.0 = Debug|x86
		{2497009F-724B-465D-A003-CD1D2C855C18}.Debug|x64.ActiveCfg = Debug|x64
		{2497009F-724B-465D-A003-CD1D2C855C18}.Debug|x64.Build.0 = Debug|x64
		{2497009F-724B-465D-A003-CD1D2C855C18}.Debug|x64.Deploy.0 = Debug|x64
		{2497009F-724B-465D-A003-CD1D2C855C18}.Debug|x86.ActiveCfg = Debug|x86
		{2497009F-724B-465D-A003-CD1D2C855C18}.Debug|x86.Build.0 = Debug|x86
		{2497009F-724B-465D-A003-CD1D2C855C18}.Debug|x86.Deploy.0 = Debug|x86
		{2497009F-724B-465D-A003-CD1D2C855C18}.Release|Any CPU.ActiveCfg = Release|x86
		{2497009F-724B-465D-A003-CD1D2C855C18}.Release|Any CPU.Build.0 = Release|x86
		{2497009F-724B-465D-A003-CD1D2C855C18}.Release|Any CPU.Deploy.0 = Release|x86
		{2497009F-724B-465D-A003-CD1D2C855C18}.Release|ARM.ActiveCfg = Release|ARM
		{2497009F-724B-465D-A003-CD1D2C855C18}.Release|ARM.Build.0 = Release|ARM
		{2497009F-724B-465D-A003-CD1D2C855C18}.Release|ARM.Deploy.0 = Release|ARM
		{2497009F-724B-465D-A003-CD1D2C855C18}.Release|iPhone.ActiveCfg = Release|x86
		{2497009F-724B-465D-A003-CD1D2C855C18}.Release|iPhone.Build.0 = Release|x86
		{2497009F-724B-465D-A003-CD1D2C855C18}.Release|iPhone.Deploy.0 = Release|x86
		{2497009F-724B-465D-A003-CD1D2C855C18}.Release|iPhoneSimulator.ActiveCfg = Release|x86
		{2497009F-724B-465D-A003-CD1D2C855C18}.Release|iPhoneSimulator.Build.0 = Release|x86
		{2497009F-724B-465D-A003-CD1D2C855C18}.Release|iPhoneSimulator.Deploy.0 = Release|x86
		{2497009F-724B-465D-A003-CD1D2C855C18}.Release|x64.ActiveCfg = Release|x64
		{2497009F-724B-465D-A003-CD1D2C855C18}.Release|x64.Build.0 = Release|x64
		{2497009F-724B-465D-A003-CD1D2C855C18}.Release|x64.Deploy.0 = Release|x64
		{2497009F-724B-465D-A003-CD1D2C855C18}.Release|x86.ActiveCfg = Release|x86
		{2497009F-724B-465D-A003-CD1D2C855C18}.Release|x86.Build.0 = Release|x86
		{2497009F-724B-465D-A003-CD1D2C855C18}.Release|x86.Deploy.0 = Release|x86
	EndGlobalSection
	GlobalSection(SolutionProperties) = preSolution
		HideSolutionNode = FALSE
	EndGlobalSection
	GlobalSection(ExtensibilityGlobals) = postSolution
		SolutionGuid = {FC01043B-3856-4FCB-8710-273E6AF9C335}
	EndGlobalSection
EndGlobal
